
Microsoft Visual Studio Solution File, Format Version 12.00
# Visual Studio Version 17
VisualStudioVersion = 17.11.35327.3
MinimumVisualStudioVersion = 10.0.40219.1
Project("{778DAE3C-4631-46EA-AA77-85C1314464D9}") = "CRUD Operation into MYSQL Database using VB.NET", "CURD Operation into MYSQL Database using VB.NET\CRUD Operation into MYSQL Database using VB.NET.vbproj", "{2A8AD8D7-341D-4275-8B73-47D3C46C5641}"
EndProject
Global
	GlobalSection(SolutionConfigurationPlatforms) = preSolution
		Debug|Any CPU = Debug|Any CPU
		Release|Any CPU = Release|Any CPU
	EndGlobalSection
	GlobalSection(ProjectConfigurationPlatforms) = postSolution
		{2A8AD8D7-341D-4275-8B73-47D3C46C5641}.Debug|Any CPU.ActiveCfg = Debug|Any CPU
		{2A8AD8D7-341D-4275-8B73-47D3C46C5641}.Debug|Any CPU.Build.0 = Debug|Any CPU
		{2A8AD8D7-341D-4275-8B73-47D3C46C5641}.Release|Any CPU.ActiveCfg = Release|Any CPU
		{2A8AD8D7-341D-4275-8B73-47D3C46C5641}.Release|Any CPU.Build.0 = Release|Any CPU
	EndGlobalSection
	GlobalSection(SolutionProperties) = preSolution
		HideSolutionNode = FALSE
	EndGlobalSection
	GlobalSection(ExtensibilityGlobals) = postSolution
		SolutionGuid = {8878DAB6-B295-40B7-95B4-5D519D2B1975}
	EndGlobalSection
EndGlobal
